
Microsoft Visual Studio Solution File, Format Version 12.00
# Visual Studio 14
VisualStudioVersion = 14.0.25420.1
MinimumVisualStudioVersion = 10.0.40219.1
Project("{FAE04EC0-301F-11D3-BF4B-00C04F79EFBC}") = "AngularApp.Web.App", "AngularApp.Web.App\AngularApp.Web.App.csproj", "{FADD3D11-8D35-4D03-B334-34B0AFBB1CEC}"
EndProject
Project("{FAE04EC0-301F-11D3-BF4B-00C04F79EFBC}") = "AngularApp.Web.App.Tests", "AngularApp.Web.App.Tests\AngularApp.Web.App.Tests.csproj", "{A589D78F-B380-4D0C-8C86-81ABB7375CE9}"
EndProject
Project("{FAE04EC0-301F-11D3-BF4B-00C04F79EFBC}") = "AngularApp.Web.Api", "AngularApp.Web.Api\AngularApp.Web.Api.csproj", "{B48D0E8F-8756-4644-A701-BF1D8F49CCCF}"
EndProject
Project("{FAE04EC0-301F-11D3-BF4B-00C04F79EFBC}") = "AngularApp.Web.Api.Tests", "AngularApp.Web.Api.Tests\AngularApp.Web.Api.Tests.csproj", "{936C792E-43CD-4FAD-8598-2D335A50DE3F}"
EndProject
Global
	GlobalSection(SolutionConfigurationPlatforms) = preSolution
		Debug|Any CPU = Debug|Any CPU
		Release|Any CPU = Release|Any CPU
	EndGlobalSection
	GlobalSection(ProjectConfigurationPlatforms) = postSolution
		{FADD3D11-8D35-4D03-B334-34B0AFBB1CEC}.Debug|Any CPU.ActiveCfg = Debug|Any CPU
		{FADD3D11-8D35-4D03-B334-34B0AFBB1CEC}.Debug|Any CPU.Build.0 = Debug|Any CPU
		{FADD3D11-8D35-4D03-B334-34B0AFBB1CEC}.Release|Any CPU.ActiveCfg = Release|Any CPU
		{FADD3D11-8D35-4D03-B334-34B0AFBB1CEC}.Release|Any CPU.Build.0 = Release|Any CPU
		{A589D78F-B380-4D0C-8C86-81ABB7375CE9}.Debug|Any CPU.ActiveCfg = Debug|Any CPU
		{A589D78F-B380-4D0C-8C86-81ABB7375CE9}.Debug|Any CPU.Build.0 = Debug|Any CPU
		{A589D78F-B380-4D0C-8C86-81ABB7375CE9}.Release|Any CPU.ActiveCfg = Release|Any CPU
		{A589D78F-B380-4D0C-8C86-81ABB7375CE9}.Release|Any CPU.Build.0 = Release|Any CPU
		{B48D0E8F-8756-4644-A701-BF1D8F49CCCF}.Debug|Any CPU.ActiveCfg = Debug|Any CPU
		{B48D0E8F-8756-4644-A701-BF1D8F49CCCF}.Debug|Any CPU.Build.0 = Debug|Any CPU
		{B48D0E8F-8756-4644-A701-BF1D8F49CCCF}.Release|Any CPU.ActiveCfg = Release|Any CPU
		{B48D0E8F-8756-4644-A701-BF1D8F49CCCF}.Release|Any CPU.Build.0 = Release|Any CPU
		{936C792E-43CD-4FAD-8598-2D335A50DE3F}.Debug|Any CPU.ActiveCfg = Debug|Any CPU
		{936C792E-43CD-4FAD-8598-2D335A50DE3F}.Debug|Any CPU.Build.0 = Debug|Any CPU
		{936C792E-43CD-4FAD-8598-2D335A50DE3F}.Release|Any CPU.ActiveCfg = Release|Any CPU
		{936C792E-43CD-4FAD-8598-2D335A50DE3F}.Release|Any CPU.Build.0 = Release|Any CPU
	EndGlobalSection
	GlobalSection(SolutionProperties) = preSolution
		HideSolutionNode = FALSE
	EndGlobalSection
EndGlobal
